
Microsoft Visual Studio Solution File, Format Version 12.00
# Visual Studio Version 17
VisualStudioVersion = 17.2.32616.157
MinimumVisualStudioVersion = 10.0.40219.1
Project("{FAE04EC0-301F-11D3-BF4B-00C04F79EFBC}") = "lab_11", "lab_11\lab_11.csproj", "{6B940E86-3E32-44CC-87CE-886918A154A3}"
EndProject
Global
	GlobalSection(SolutionConfigurationPlatforms) = preSolution
		Debug|Any CPU = Debug|Any CPU
		Release|Any CPU = Release|Any CPU
	EndGlobalSection
	GlobalSection(ProjectConfigurationPlatforms) = postSolution
		{6B940E86-3E32-44CC-87CE-886918A154A3}.Debug|Any CPU.ActiveCfg = Debug|Any CPU
		{6B940E86-3E32-44CC-87CE-886918A154A3}.Debug|Any CPU.Build.0 = Debug|Any CPU
		{6B940E86-3E32-44CC-87CE-886918A154A3}.Release|Any CPU.ActiveCfg = Release|Any CPU
		{6B940E86-3E32-44CC-87CE-886918A154A3}.Release|Any CPU.Build.0 = Release|Any CPU
	EndGlobalSection
	GlobalSection(SolutionProperties) = preSolution
		HideSolutionNode = FALSE
	EndGlobalSection
	GlobalSection(ExtensibilityGlobals) = postSolution
		SolutionGuid = {FF2CFCF6-FFDC-4DE9-8830-094813C03686}
	EndGlobalSection
EndGlobal
