
Microsoft Visual Studio Solution File, Format Version 12.00
# Visual Studio Version 17
VisualStudioVersion = 17.2.32616.157
MinimumVisualStudioVersion = 10.0.40219.1
Project("{FAE04EC0-301F-11D3-BF4B-00C04F79EFBC}") = "lab12", "lab12\lab12.csproj", "{E8444B3B-54E5-43C8-8C04-CAB22C8687B3}"
EndProject
Global
	GlobalSection(SolutionConfigurationPlatforms) = preSolution
		Debug|Any CPU = Debug|Any CPU
		Release|Any CPU = Release|Any CPU
	EndGlobalSection
	GlobalSection(ProjectConfigurationPlatforms) = postSolution
		{E8444B3B-54E5-43C8-8C04-CAB22C8687B3}.Debug|Any CPU.ActiveCfg = Debug|Any CPU
		{E8444B3B-54E5-43C8-8C04-CAB22C8687B3}.Debug|Any CPU.Build.0 = Debug|Any CPU
		{E8444B3B-54E5-43C8-8C04-CAB22C8687B3}.Release|Any CPU.ActiveCfg = Release|Any CPU
		{E8444B3B-54E5-43C8-8C04-CAB22C8687B3}.Release|Any CPU.Build.0 = Release|Any CPU
	EndGlobalSection
	GlobalSection(SolutionProperties) = preSolution
		HideSolutionNode = FALSE
	EndGlobalSection
	GlobalSection(ExtensibilityGlobals) = postSolution
		SolutionGuid = {F8ACE846-026C-466B-94AB-767511D0AD4F}
	EndGlobalSection
EndGlobal
