
Microsoft Visual Studio Solution File, Format Version 12.00
# Visual Studio Version 17
VisualStudioVersion = 17.2.32616.157
MinimumVisualStudioVersion = 10.0.40219.1
Project("{FAE04EC0-301F-11D3-BF4B-00C04F79EFBC}") = "lab10", "lab10\lab10.csproj", "{9C87B605-7374-4BC4-86CE-53345B86367F}"
EndProject
Global
	GlobalSection(SolutionConfigurationPlatforms) = preSolution
		Debug|Any CPU = Debug|Any CPU
		Release|Any CPU = Release|Any CPU
	EndGlobalSection
	GlobalSection(ProjectConfigurationPlatforms) = postSolution
		{9C87B605-7374-4BC4-86CE-53345B86367F}.Debug|Any CPU.ActiveCfg = Debug|Any CPU
		{9C87B605-7374-4BC4-86CE-53345B86367F}.Debug|Any CPU.Build.0 = Debug|Any CPU
		{9C87B605-7374-4BC4-86CE-53345B86367F}.Release|Any CPU.ActiveCfg = Release|Any CPU
		{9C87B605-7374-4BC4-86CE-53345B86367F}.Release|Any CPU.Build.0 = Release|Any CPU
	EndGlobalSection
	GlobalSection(SolutionProperties) = preSolution
		HideSolutionNode = FALSE
	EndGlobalSection
	GlobalSection(ExtensibilityGlobals) = postSolution
		SolutionGuid = {B64F9E54-13FA-4D38-8B12-AFE4B024055E}
	EndGlobalSection
EndGlobal
