
Microsoft Visual Studio Solution File, Format Version 12.00
# Visual Studio Version 17
VisualStudioVersion = 17.1.32407.343
MinimumVisualStudioVersion = 10.0.40219.1
Project("{FAE04EC0-301F-11D3-BF4B-00C04F79EFBC}") = "наташа", "наташа\наташа.csproj", "{72578EF4-FB7C-4759-B0B0-76AD3E006092}"
EndProject
Global
	GlobalSection(SolutionConfigurationPlatforms) = preSolution
		Debug|Any CPU = Debug|Any CPU
		Release|Any CPU = Release|Any CPU
	EndGlobalSection
	GlobalSection(ProjectConfigurationPlatforms) = postSolution
		{72578EF4-FB7C-4759-B0B0-76AD3E006092}.Debug|Any CPU.ActiveCfg = Debug|Any CPU
		{72578EF4-FB7C-4759-B0B0-76AD3E006092}.Debug|Any CPU.Build.0 = Debug|Any CPU
		{72578EF4-FB7C-4759-B0B0-76AD3E006092}.Release|Any CPU.ActiveCfg = Release|Any CPU
		{72578EF4-FB7C-4759-B0B0-76AD3E006092}.Release|Any CPU.Build.0 = Release|Any CPU
	EndGlobalSection
	GlobalSection(SolutionProperties) = preSolution
		HideSolutionNode = FALSE
	EndGlobalSection
	GlobalSection(ExtensibilityGlobals) = postSolution
		SolutionGuid = {2CD3E372-56BD-4496-87DD-A46704A55A3F}
	EndGlobalSection
EndGlobal
